// !$*UTF8*$!
{
	archiveVersion = 1;
	classes = {
	};
	objectVersion = 110;
	objects = {

/* Begin PBXContainerItemProxy section */
		41D62BBF303D75ED00E8681E /* PBXContainerItemProxy */ = {
			isa = PBXContainerItemProxy;
			containerPortal = 41D62BA9303D75EB00E8681E /* Project object */;
			proxyType = 1;
			remoteGlobalIDString = 41D62BB0303D75EB00E8681E;
			remoteInfo = Plinth;
		};
		41D62BC9303D75ED00E8681E /* PBXContainerItemProxy */ = {
			isa = PBXContainerItemProxy;
			containerPortal = 41D62BA9303D75EB00E8681E /* Project object */;
			proxyType = 1;
			remoteGlobalIDString = 41D62BB0303D75EB00E8681E;
			remoteInfo = Plinth;
		};
/* End PBXContainerItemProxy section */

/* Begin PBXFileReference section */
		41D62BB1303D75EB00E8681E /* Plinth.app */ = {isa = PBXFileReference; explicitFileType = wrapper.application; includeInIndex = 0; path = Plinth.app; sourceTree = BUILT_PRODUCTS_DIR; };
		41D62BBE303D75ED00E8681E /* PlinthTests.xctest */ = {isa = PBXFileReference; explicitFileType = wrapper.cfbundle; includeInIndex = 0; path = PlinthTests.xctest; sourceTree = BUILT_PRODUCTS_DIR; };
		41D62BC8303D75ED00E8681E /* PlinthUITests.xctest */ = {isa = PBXFileReference; explicitFileType = wrapper.cfbundle; includeInIndex = 0; path = PlinthUITests.xctest; sourceTree = BUILT_PRODUCTS_DIR; };
/* End PBXFileReference section */

/* Begin PBXFileSystemSynchronizedRootGroup section */
		41D62BB3303D75EB00E8681E /* Plinth */ = {
			isa = PBXFileSystemSynchronizedRootGroup;
			path = Plinth;
			sourceTree = "<group>";
		};
		41D62BC1303D75ED00E8681E /* PlinthTests */ = {
			isa = PBXFileSystemSynchronizedRootGroup;
			path = PlinthTests;
			sourceTree = "<group>";
		};
		41D62BCB303D75ED00E8681E /* PlinthUITests */ = {
			isa = PBXFileSystemSynchronizedRootGroup;
			path = PlinthUITests;
			sourceTree = "<group>";
		};
/* End PBXFileSystemSynchronizedRootGroup section */

/* Begin PBXFrameworksBuildPhase section */
		41D62BAE303D75EB00E8681E /* Frameworks */ = {
			isa = PBXFrameworksBuildPhase;
			files = (
			);
		};
		41D62BBB303D75ED00E8681E /* Frameworks */ = {
			isa = PBXFrameworksBuildPhase;
			files = (
			);
		};
		41D62BC5303D75ED00E8681E /* Frameworks */ = {
			isa = PBXFrameworksBuildPhase;
			files = (
			);
		};
/* End PBXFrameworksBuildPhase section */

/* Begin PBXGroup section */
		41D62BA8303D75EB00E8681E = {
			isa = PBXGroup;
			children = (
				41D62BB3303D75EB00E8681E /* Plinth */,
				41D62BC1303D75ED00E8681E /* PlinthTests */,
				41D62BCB303D75ED00E8681E /* PlinthUITests */,
				41D62BB2303D75EB00E8681E /* Products */,
			);
			sourceTree = "<group>";
		};
		41D62BB2303D75EB00E8681E /* Products */ = {
			isa = PBXGroup;
			children = (
				41D62BB1303D75EB00E8681E /* Plinth.app */,
				41D62BBE303D75ED00E8681E /* PlinthTests.xctest */,
				41D62BC8303D75ED00E8681E /* PlinthUITests.xctest */,
			);
			name = Products;
			sourceTree = "<group>";
		};
/* End PBXGroup section */

/* Begin PBXNativeTarget section */
		41D62BB0303D75EB00E8681E /* Plinth */ = {
			isa = PBXNativeTarget;
			buildConfigurationList = 41D62BD0303D75ED00E8681E /* Build configuration list for PBXNativeTarget "Plinth" */;
			buildPhases = (
				41D62BAD303D75EB00E8681E /* Sources */,
				41D62BAE303D75EB00E8681E /* Frameworks */,
				41D62BAF303D75EB00E8681E /* Resources */,
			);
			buildRules = (
			);
			fileSystemSynchronizedGroups = (
				41D62BB3303D75EB00E8681E /* Plinth */,
			);
			name = Plinth;
			productName = Plinth;
			productReference = 41D62BB1303D75EB00E8681E /* Plinth.app */;
			productType = "com.apple.product-type.application";
		};
		41D62BBD303D75ED00E8681E /* PlinthTests */ = {
			isa = PBXNativeTarget;
			buildConfigurationList = 41D62BD3303D75ED00E8681E /* Build configuration list for PBXNativeTarget "PlinthTests" */;
			buildPhases = (
				41D62BBA303D75ED00E8681E /* Sources */,
				41D62BBB303D75ED00E8681E /* Frameworks */,
				41D62BBC303D75ED00E8681E /* Resources */,
			);
			buildRules = (
			);
			dependencies = (
				41D62BC0303D75ED00E8681E /* PBXTargetDependency */,
			);
			fileSystemSynchronizedGroups = (
				41D62BC1303D75ED00E8681E /* PlinthTests */,
			);
			name = PlinthTests;
			productName = PlinthTests;
			productReference = 41D62BBE303D75ED00E8681E /* PlinthTests.xctest */;
			productType = "com.apple.product-type.bundle.unit-test";
		};
		41D62BC7303D75ED00E8681E /* PlinthUITests */ = {
			isa = PBXNativeTarget;
			buildConfigurationList = 41D62BD6303D75ED00E8681E /* Build configuration list for PBXNativeTarget "PlinthUITests" */;
			buildPhases = (
				41D62BC4303D75ED00E8681E /* Sources */,
				41D62BC5303D75ED00E8681E /* Frameworks */,
				41D62BC6303D75ED00E8681E /* Resources */,
			);
			buildRules = (
			);
			dependencies = (
				41D62BCA303D75ED00E8681E /* PBXTargetDependency */,
			);
			fileSystemSynchronizedGroups = (
				41D62BCB303D75ED00E8681E /* PlinthUITests */,
			);
			name = PlinthUITests;
			productName = PlinthUITests;
			productReference = 41D62BC8303D75ED00E8681E /* PlinthUITests.xctest */;
			productType = "com.apple.product-type.bundle.ui-testing";
		};
/* End PBXNativeTarget section */

/* Begin PBXProject section */
		41D62BA9303D75EB00E8681E /* Project object */ = {
			isa = PBXProject;
			attributes = {
				BuildIndependentTargetsInParallel = 1;
				LastSwiftUpdateCheck = 2700;
				LastUpgradeCheck = 2700;
				TargetAttributes = {
					41D62BB0303D75EB00E8681E = {
						CreatedOnToolsVersion = 27.0;
					};
					41D62BBD303D75ED00E8681E = {
						CreatedOnToolsVersion = 27.0;
						TestTargetID = 41D62BB0303D75EB00E8681E;
					};
					41D62BC7303D75ED00E8681E = {
						CreatedOnToolsVersion = 27.0;
						TestTargetID = 41D62BB0303D75EB00E8681E;
					};
				};
			};
			buildConfigurationList = 41D62BAC303D75EB00E8681E /* Build configuration list for PBXProject "Plinth" */;
			developmentRegion = en;
			hasScannedForEncodings = 0;
			knownRegions = (
				en,
				Base,
			);
			mainGroup = 41D62BA8303D75EB00E8681E;
			minimizedProjectReferenceProxies = 1;
			preferredProjectObjectVersion = 77;
			productRefGroup = 41D62BB2303D75EB00E8681E /* Products */;
			projectDirPath = "";
			projectRoot = "";
			targets = (
				41D62BB0303D75EB00E8681E /* Plinth */,
				41D62BBD303D75ED00E8681E /* PlinthTests */,
				41D62BC7303D75ED00E8681E /* PlinthUITests */,
			);
		};
/* End PBXProject section */

/* Begin PBXResourcesBuildPhase section */
		41D62BAF303D75EB00E8681E /* Resources */ = {
			isa = PBXResourcesBuildPhase;
			files = (
			);
		};
		41D62BBC303D75ED00E8681E /* Resources */ = {
			isa = PBXResourcesBuildPhase;
			files = (
			);
		};
		41D62BC6303D75ED00E8681E /* Resources */ = {
			isa = PBXResourcesBuildPhase;
			files = (
			);
		};
/* End PBXResourcesBuildPhase section */

/* Begin PBXSourcesBuildPhase section */
		41D62BAD303D75EB00E8681E /* Sources */ = {
			isa = PBXSourcesBuildPhase;
			files = (
			);
		};
		41D62BBA303D75ED00E8681E /* Sources */ = {
			isa = PBXSourcesBuildPhase;
			files = (
			);
		};
		41D62BC4303D75ED00E8681E /* Sources */ = {
			isa = PBXSourcesBuildPhase;
			files = (
			);
		};
/* End PBXSourcesBuildPhase section */

/* Begin PBXTargetDependency section */
		41D62BC0303D75ED00E8681E /* PBXTargetDependency */ = {
			isa = PBXTargetDependency;
			target = 41D62BB0303D75EB00E8681E /* Plinth */;
			targetProxy = 41D62BBF303D75ED00E8681E /* PBXContainerItemProxy */;
		};
		41D62BCA303D75ED00E8681E /* PBXTargetDependency */ = {
			isa = PBXTargetDependency;
			target = 41D62BB0303D75EB00E8681E /* Plinth */;
			targetProxy = 41D62BC9303D75ED00E8681E /* PBXContainerItemProxy */;
		};
/* End PBXTargetDependency section */

/* Begin XCBuildConfiguration section */
		41D62BCE303D75ED00E8681E /* Debug configuration for PBXProject "Plinth" */ = {
			isa = XCBuildConfiguration;
			buildSettings = {
				ALWAYS_SEARCH_USER_PATHS = NO;
				ASSETCATALOG_COMPILER_GENERATE_SWIFT_ASSET_SYMBOL_EXTENSIONS = YES;
				CLANG_ANALYZER_NONNULL = YES;
				CLANG_ANALYZER_NUMBER_OBJECT_CONVERSION = YES_AGGRESSIVE;
				CLANG_CXX_LANGUAGE_STANDARD = "gnu++20";
				CLANG_ENABLE_MODULES = YES;
				CLANG_ENABLE_OBJC_ARC = YES;
				CLANG_ENABLE_OBJC_WEAK = YES;
				CLANG_WARN_BLOCK_CAPTURE_AUTORELEASING = YES;
				CLANG_WARN_BOOL_CONVERSION = YES;
				CLANG_WARN_COMMA = YES;
				CLANG_WARN_CONSTANT_CONVERSION = YES;
				CLANG_WARN_DEPRECATED_OBJC_IMPLEMENTATIONS = YES;
				CLANG_WARN_DIRECT_OBJC_ISA_USAGE = YES_ERROR;
				CLANG_WARN_DOCUMENTATION_COMMENTS = YES;
				CLANG_WARN_EMPTY_BODY = YES;
				CLANG_WARN_ENUM_CONVERSION = YES;
				CLANG_WARN_INFINITE_RECURSION = YES;
				CLANG_WARN_INT_CONVERSION = YES;
				CLANG_WARN_NON_LITERAL_NULL_CONVERSION = YES;
				CLANG_WARN_OBJC_IMPLICIT_RETAIN_SELF = YES;
				CLANG_WARN_OBJC_LITERAL_CONVERSION = YES;
				CLANG_WARN_OBJC_ROOT_CLASS = YES_ERROR;
				CLANG_WARN_QUOTED_INCLUDE_IN_FRAMEWORK_HEADER = YES;
				CLANG_WARN_RANGE_LOOP_ANALYSIS = YES;
				CLANG_WARN_STRICT_PROTOTYPES = YES;
				CLANG_WARN_SUSPICIOUS_MOVE = YES;
				CLANG_WARN_UNGUARDED_AVAILABILITY = YES_AGGRESSIVE;
				CLANG_WARN_UNREACHABLE_CODE = YES;
				CLANG_WARN__DUPLICATE_METHOD_MATCH = YES;
				COPY_PHASE_STRIP = NO;
				DEBUG_INFORMATION_FORMAT = dwarf;
				DEVELOPMENT_TEAM = SMLKBTR495;
				ENABLE_STRICT_OBJC_MSGSEND = YES;
				ENABLE_TESTABILITY = YES;
				ENABLE_USER_SCRIPT_SANDBOXING = YES;
				GCC_C_LANGUAGE_STANDARD = gnu17;
				GCC_DYNAMIC_NO_PIC = NO;
				GCC_NO_COMMON_BLOCKS = YES;
				GCC_OPTIMIZATION_LEVEL = 0;
				GCC_PREPROCESSOR_DEFINITIONS = (
					"DEBUG=1",
					"$(inherited)",
				);
				GCC_WARN_64_TO_32_BIT_CONVERSION = YES;
				GCC_WARN_ABOUT_RETURN_TYPE = YES_ERROR;
				GCC_WARN_UNDECLARED_SELECTOR = YES;
				GCC_WARN_UNINITIALIZED_AUTOS = YES_AGGRESSIVE;
				GCC_WARN_UNUSED_FUNCTION = YES;
				GCC_WARN_UNUSED_VARIABLE = YES;
				LOCALIZATION_PREFERS_STRING_CATALOGS = YES;
				MTL_ENABLE_DEBUG_INFO = INCLUDE_SOURCE;
				MTL_FAST_MATH = YES;
				ONLY_ACTIVE_ARCH = YES;
				SWIFT_ACTIVE_COMPILATION_CONDITIONS = "DEBUG $(inherited)";
				SWIFT_OPTIMIZATION_LEVEL = "-Onone";
			};
			name = Debug;
		};
		41D62BCF303D75ED00E8681E /* Release configuration for PBXProject "Plinth" */ = {
			isa = XCBuildConfiguration;
			buildSettings = {
				ALWAYS_SEARCH_USER_PATHS = NO;
				ASSETCATALOG_COMPILER_GENERATE_SWIFT_ASSET_SYMBOL_EXTENSIONS = YES;
				CLANG_ANALYZER_NONNULL = YES;
				CLANG_ANALYZER_NUMBER_OBJECT_CONVERSION = YES_AGGRESSIVE;
				CLANG_CXX_LANGUAGE_STANDARD = "gnu++20";
				CLANG_ENABLE_MODULES = YES;
				CLANG_ENABLE_OBJC_ARC = YES;
				CLANG_ENABLE_OBJC_WEAK = YES;
				CLANG_WARN_BLOCK_CAPTURE_AUTORELEASING = YES;
				CLANG_WARN_BOOL_CONVERSION = YES;
				CLANG_WARN_COMMA = YES;
				CLANG_WARN_CONSTANT_CONVERSION = YES;
				CLANG_WARN_DEPRECATED_OBJC_IMPLEMENTATIONS = YES;
				CLANG_WARN_DIRECT_OBJC_ISA_USAGE = YES_ERROR;
				CLANG_WARN_DOCUMENTATION_COMMENTS = YES;
				CLANG_WARN_EMPTY_BODY = YES;
				CLANG_WARN_ENUM_CONVERSION = YES;
				CLANG_WARN_INFINITE_RECURSION = YES;
				CLANG_WARN_INT_CONVERSION = YES;
				CLANG_WARN_NON_LITERAL_NULL_CONVERSION = YES;
				CLANG_WARN_OBJC_IMPLICIT_RETAIN_SELF = YES;
				CLANG_WARN_OBJC_LITERAL_CONVERSION = YES;
				CLANG_WARN_OBJC_ROOT_CLASS = YES_ERROR;
				CLANG_WARN_QUOTED_INCLUDE_IN_FRAMEWORK_HEADER = YES;
				CLANG_WARN_RANGE_LOOP_ANALYSIS = YES;
				CLANG_WARN_STRICT_PROTOTYPES = YES;
				CLANG_WARN_SUSPICIOUS_MOVE = YES;
				CLANG_WARN_UNGUARDED_AVAILABILITY = YES_AGGRESSIVE;
				CLANG_WARN_UNREACHABLE_CODE = YES;
				CLANG_WARN__DUPLICATE_METHOD_MATCH = YES;
				COPY_PHASE_STRIP = NO;
				DEBUG_INFORMATION_FORMAT = "dwarf-with-dsym";
				DEVELOPMENT_TEAM = SMLKBTR495;
				ENABLE_NS_ASSERTIONS = NO;
				ENABLE_STRICT_OBJC_MSGSEND = YES;
				ENABLE_USER_SCRIPT_SANDBOXING = YES;
				GCC_C_LANGUAGE_STANDARD = gnu17;
				GCC_NO_COMMON_BLOCKS = YES;
				GCC_WARN_64_TO_32_BIT_CONVERSION = YES;
				GCC_WARN_ABOUT_RETURN_TYPE = YES_ERROR;
				GCC_WARN_UNDECLARED_SELECTOR = YES;
				GCC_WARN_UNINITIALIZED_AUTOS = YES_AGGRESSIVE;
				GCC_WARN_UNUSED_FUNCTION = YES;
				GCC_WARN_UNUSED_VARIABLE = YES;
				LOCALIZATION_PREFERS_STRING_CATALOGS = YES;
				MTL_ENABLE_DEBUG_INFO = NO;
				MTL_FAST_MATH = YES;
				SWIFT_COMPILATION_MODE = wholemodule;
			};
			name = Release;
		};
		41D62BD1303D75ED00E8681E /* Debug configuration for PBXNativeTarget "Plinth" */ = {
			isa = XCBuildConfiguration;
			buildSettings = {
				ASSETCATALOG_COMPILER_APPICON_NAME = AppIcon;
				ASSETCATALOG_COMPILER_GLOBAL_ACCENT_COLOR_NAME = AccentColor;
				CODE_SIGN_STYLE = Automatic;
				CURRENT_PROJECT_VERSION = 1;
				DEVELOPMENT_TEAM = SMLKBTR495;
				ENABLE_APP_SANDBOX = YES;
				ENABLE_HARDENED_RUNTIME = YES;
				ENABLE_PREVIEWS = YES;
				ENABLE_USER_SELECTED_FILES = readonly;
				GENERATE_INFOPLIST_FILE = YES;
				INFOPLIST_KEY_LSApplicationCategoryType = "public.app-category.utilities";
				"INFOPLIST_KEY_UIApplicationSceneManifest_Generation[sdk=iphoneos*]" = YES;
				"INFOPLIST_KEY_UIApplicationSceneManifest_Generation[sdk=iphonesimulator*]" = YES;
				"INFOPLIST_KEY_UIApplicationSupportsIndirectInputEvents[sdk=iphoneos*]" = YES;
				"INFOPLIST_KEY_UIApplicationSupportsIndirectInputEvents[sdk=iphonesimulator*]" = YES;
				"INFOPLIST_KEY_UILaunchScreen_Generation[sdk=iphoneos*]" = YES;
				"INFOPLIST_KEY_UILaunchScreen_Generation[sdk=iphonesimulator*]" = YES;
				"INFOPLIST_KEY_UIStatusBarStyle[sdk=iphoneos*]" = UIStatusBarStyleDefault;
				"INFOPLIST_KEY_UIStatusBarStyle[sdk=iphonesimulator*]" = UIStatusBarStyleDefault;
				INFOPLIST_KEY_UISupportedInterfaceOrientations_iPad = "UIInterfaceOrientationPortrait UIInterfaceOrientationPortraitUpsideDown UIInterfaceOrientationLandscapeLeft UIInterfaceOrientationLandscapeRight";
				INFOPLIST_KEY_UISupportedInterfaceOrientations_iPhone = "UIInterfaceOrientationPortrait UIInterfaceOrientationLandscapeLeft UIInterfaceOrientationLandscapeRight";
				IPHONEOS_DEPLOYMENT_TARGET = 27.0;
				LD_RUNPATH_SEARCH_PATHS = "@executable_path/Frameworks";
				"LD_RUNPATH_SEARCH_PATHS[sdk=macosx*]" = "@executable_path/../Frameworks";
				MACOSX_DEPLOYMENT_TARGET = 26.0;
				MARKETING_VERSION = 1.0;
				PRODUCT_BUNDLE_IDENTIFIER = au.edu.vic.woodleigh.Plinth;
				PRODUCT_NAME = "$(TARGET_NAME)";
				REGISTER_APP_GROUPS = YES;
				SDKROOT = auto;
				STRING_CATALOG_GENERATE_SYMBOLS = YES;
				SUPPORTED_PLATFORMS = macosx;
				SUPPORTS_MACCATALYST = NO;
				SWIFT_APPROACHABLE_CONCURRENCY = YES;
				SWIFT_DEFAULT_ACTOR_ISOLATION = MainActor;
				SWIFT_EMIT_LOC_STRINGS = YES;
				SWIFT_UPCOMING_FEATURE_MEMBER_IMPORT_VISIBILITY = YES;
				SWIFT_VERSION = 6.0;
				XROS_DEPLOYMENT_TARGET = 27.0;
			};
			name = Debug;
		};
		41D62BD2303D75ED00E8681E /* Release configuration for PBXNativeTarget "Plinth" */ = {
			isa = XCBuildConfiguration;
			buildSettings = {
				ASSETCATALOG_COMPILER_APPICON_NAME = AppIcon;
				ASSETCATALOG_COMPILER_GLOBAL_ACCENT_COLOR_NAME = AccentColor;
				CODE_SIGN_STYLE = Automatic;
				CURRENT_PROJECT_VERSION = 1;
				DEVELOPMENT_TEAM = SMLKBTR495;
				ENABLE_APP_SANDBOX = YES;
				ENABLE_HARDENED_RUNTIME = YES;
				ENABLE_PREVIEWS = YES;
				ENABLE_USER_SELECTED_FILES = readonly;
				GENERATE_INFOPLIST_FILE = YES;
				INFOPLIST_KEY_LSApplicationCategoryType = "public.app-category.utilities";
				"INFOPLIST_KEY_UIApplicationSceneManifest_Generation[sdk=iphoneos*]" = YES;
				"INFOPLIST_KEY_UIApplicationSceneManifest_Generation[sdk=iphonesimulator*]" = YES;
				"INFOPLIST_KEY_UIApplicationSupportsIndirectInputEvents[sdk=iphoneos*]" = YES;
				"INFOPLIST_KEY_UIApplicationSupportsIndirectInputEvents[sdk=iphonesimulator*]" = YES;
				"INFOPLIST_KEY_UILaunchScreen_Generation[sdk=iphoneos*]" = YES;
				"INFOPLIST_KEY_UILaunchScreen_Generation[sdk=iphonesimulator*]" = YES;
				"INFOPLIST_KEY_UIStatusBarStyle[sdk=iphoneos*]" = UIStatusBarStyleDefault;
				"INFOPLIST_KEY_UIStatusBarStyle[sdk=iphonesimulator*]" = UIStatusBarStyleDefault;
				INFOPLIST_KEY_UISupportedInterfaceOrientations_iPad = "UIInterfaceOrientationPortrait UIInterfaceOrientationPortraitUpsideDown UIInterfaceOrientationLandscapeLeft UIInterfaceOrientationLandscapeRight";
				INFOPLIST_KEY_UISupportedInterfaceOrientations_iPhone = "UIInterfaceOrientationPortrait UIInterfaceOrientationLandscapeLeft UIInterfaceOrientationLandscapeRight";
				IPHONEOS_DEPLOYMENT_TARGET = 27.0;
				LD_RUNPATH_SEARCH_PATHS = "@executable_path/Frameworks";
				"LD_RUNPATH_SEARCH_PATHS[sdk=macosx*]" = "@executable_path/../Frameworks";
				MACOSX_DEPLOYMENT_TARGET = 26.0;
				MARKETING_VERSION = 1.0;
				PRODUCT_BUNDLE_IDENTIFIER = au.edu.vic.woodleigh.Plinth;
				PRODUCT_NAME = "$(TARGET_NAME)";
				REGISTER_APP_GROUPS = YES;
				SDKROOT = auto;
				STRING_CATALOG_GENERATE_SYMBOLS = YES;
				SUPPORTED_PLATFORMS = macosx;
				SUPPORTS_MACCATALYST = NO;
				SWIFT_APPROACHABLE_CONCURRENCY = YES;
				SWIFT_DEFAULT_ACTOR_ISOLATION = MainActor;
				SWIFT_EMIT_LOC_STRINGS = YES;
				SWIFT_UPCOMING_FEATURE_MEMBER_IMPORT_VISIBILITY = YES;
				SWIFT_VERSION = 6.0;
				XROS_DEPLOYMENT_TARGET = 27.0;
			};
			name = Release;
		};
		41D62BD4303D75ED00E8681E /* Debug configuration for PBXNativeTarget "PlinthTests" */ = {
			isa = XCBuildConfiguration;
			buildSettings = {
				BUNDLE_LOADER = "$(TEST_HOST)";
				CODE_SIGN_STYLE = Automatic;
				CURRENT_PROJECT_VERSION = 1;
				DEVELOPMENT_TEAM = SMLKBTR495;
				GENERATE_INFOPLIST_FILE = YES;
				IPHONEOS_DEPLOYMENT_TARGET = 27.0;
				MACOSX_DEPLOYMENT_TARGET = 26.0;
				MARKETING_VERSION = 1.0;
				PRODUCT_BUNDLE_IDENTIFIER = au.edu.vic.woodleigh.PlinthTests;
				PRODUCT_NAME = "$(TARGET_NAME)";
				SDKROOT = auto;
				STRING_CATALOG_GENERATE_SYMBOLS = NO;
				SUPPORTED_PLATFORMS = macosx;
				SUPPORTS_MACCATALYST = NO;
				SWIFT_APPROACHABLE_CONCURRENCY = YES;
				SWIFT_EMIT_LOC_STRINGS = NO;
				SWIFT_UPCOMING_FEATURE_MEMBER_IMPORT_VISIBILITY = YES;
				SWIFT_VERSION = 6.0;
				TEST_HOST = "$(BUILT_PRODUCTS_DIR)/Plinth.app/$(BUNDLE_EXECUTABLE_FOLDER_PATH)/Plinth";
				XROS_DEPLOYMENT_TARGET = 27.0;
			};
			name = Debug;
		};
		41D62BD5303D75ED00E8681E /* Release configuration for PBXNativeTarget "PlinthTests" */ = {
			isa = XCBuildConfiguration;
			buildSettings = {
				BUNDLE_LOADER = "$(TEST_HOST)";
				CODE_SIGN_STYLE = Automatic;
				CURRENT_PROJECT_VERSION = 1;
				DEVELOPMENT_TEAM = SMLKBTR495;
				GENERATE_INFOPLIST_FILE = YES;
				IPHONEOS_DEPLOYMENT_TARGET = 27.0;
				MACOSX_DEPLOYMENT_TARGET = 26.0;
				MARKETING_VERSION = 1.0;
				PRODUCT_BUNDLE_IDENTIFIER = au.edu.vic.woodleigh.PlinthTests;
				PRODUCT_NAME = "$(TARGET_NAME)";
				SDKROOT = auto;
				STRING_CATALOG_GENERATE_SYMBOLS = NO;
				SUPPORTED_PLATFORMS = macosx;
				SUPPORTS_MACCATALYST = NO;
				SWIFT_APPROACHABLE_CONCURRENCY = YES;
				SWIFT_EMIT_LOC_STRINGS = NO;
				SWIFT_UPCOMING_FEATURE_MEMBER_IMPORT_VISIBILITY = YES;
				SWIFT_VERSION = 6.0;
				TEST_HOST = "$(BUILT_PRODUCTS_DIR)/Plinth.app/$(BUNDLE_EXECUTABLE_FOLDER_PATH)/Plinth";
				XROS_DEPLOYMENT_TARGET = 27.0;
			};
			name = Release;
		};
		41D62BD7303D75ED00E8681E /* Debug configuration for PBXNativeTarget "PlinthUITests" */ = {
			isa = XCBuildConfiguration;
			buildSettings = {
				CODE_SIGN_STYLE = Automatic;
				CURRENT_PROJECT_VERSION = 1;
				DEVELOPMENT_TEAM = SMLKBTR495;
				GENERATE_INFOPLIST_FILE = YES;
				IPHONEOS_DEPLOYMENT_TARGET = 27.0;
				MACOSX_DEPLOYMENT_TARGET = 26.0;
				MARKETING_VERSION = 1.0;
				PRODUCT_BUNDLE_IDENTIFIER = au.edu.vic.woodleigh.PlinthUITests;
				PRODUCT_NAME = "$(TARGET_NAME)";
				SDKROOT = auto;
				STRING_CATALOG_GENERATE_SYMBOLS = NO;
				SUPPORTED_PLATFORMS = macosx;
				SUPPORTS_MACCATALYST = NO;
				SWIFT_APPROACHABLE_CONCURRENCY = YES;
				SWIFT_EMIT_LOC_STRINGS = NO;
				SWIFT_UPCOMING_FEATURE_MEMBER_IMPORT_VISIBILITY = YES;
				SWIFT_VERSION = 6.0;
				TEST_TARGET_NAME = Plinth;
				XROS_DEPLOYMENT_TARGET = 27.0;
			};
			name = Debug;
		};
		41D62BD8303D75ED00E8681E /* Release configuration for PBXNativeTarget "PlinthUITests" */ = {
			isa = XCBuildConfiguration;
			buildSettings = {
				CODE_SIGN_STYLE = Automatic;
				CURRENT_PROJECT_VERSION = 1;
				DEVELOPMENT_TEAM = SMLKBTR495;
				GENERATE_INFOPLIST_FILE = YES;
				IPHONEOS_DEPLOYMENT_TARGET = 27.0;
				MACOSX_DEPLOYMENT_TARGET = 26.0;
				MARKETING_VERSION = 1.0;
				PRODUCT_BUNDLE_IDENTIFIER = au.edu.vic.woodleigh.PlinthUITests;
				PRODUCT_NAME = "$(TARGET_NAME)";
				SDKROOT = auto;
				STRING_CATALOG_GENERATE_SYMBOLS = NO;
				SUPPORTED_PLATFORMS = macosx;
				SUPPORTS_MACCATALYST = NO;
				SWIFT_APPROACHABLE_CONCURRENCY = YES;
				SWIFT_EMIT_LOC_STRINGS = NO;
				SWIFT_UPCOMING_FEATURE_MEMBER_IMPORT_VISIBILITY = YES;
				SWIFT_VERSION = 6.0;
				TEST_TARGET_NAME = Plinth;
				XROS_DEPLOYMENT_TARGET = 27.0;
			};
			name = Release;
		};
/* End XCBuildConfiguration section */

/* Begin XCConfigurationList section */
		41D62BAC303D75EB00E8681E /* Build configuration list for PBXProject "Plinth" */ = {
			isa = XCConfigurationList;
			buildConfigurations = (
				41D62BCE303D75ED00E8681E /* Debug configuration for PBXProject "Plinth" */,
				41D62BCF303D75ED00E8681E /* Release configuration for PBXProject "Plinth" */,
			);
			defaultConfigurationName = Release;
		};
		41D62BD0303D75ED00E8681E /* Build configuration list for PBXNativeTarget "Plinth" */ = {
			isa = XCConfigurationList;
			buildConfigurations = (
				41D62BD1303D75ED00E8681E /* Debug configuration for PBXNativeTarget "Plinth" */,
				41D62BD2303D75ED00E8681E /* Release configuration for PBXNativeTarget "Plinth" */,
			);
			defaultConfigurationName = Release;
		};
		41D62BD3303D75ED00E8681E /* Build configuration list for PBXNativeTarget "PlinthTests" */ = {
			isa = XCConfigurationList;
			buildConfigurations = (
				41D62BD4303D75ED00E8681E /* Debug configuration for PBXNativeTarget "PlinthTests" */,
				41D62BD5303D75ED00E8681E /* Release configuration for PBXNativeTarget "PlinthTests" */,
			);
			defaultConfigurationName = Release;
		};
		41D62BD6303D75ED00E8681E /* Build configuration list for PBXNativeTarget "PlinthUITests" */ = {
			isa = XCConfigurationList;
			buildConfigurations = (
				41D62BD7303D75ED00E8681E /* Debug configuration for PBXNativeTarget "PlinthUITests" */,
				41D62BD8303D75ED00E8681E /* Release configuration for PBXNativeTarget "PlinthUITests" */,
			);
			defaultConfigurationName = Release;
		};
/* End XCConfigurationList section */
	};
	rootObject = 41D62BA9303D75EB00E8681E /* Project object */;
	validationLevel = 1;
}
